
Microsoft Visual Studio Solution File, Format Version 12.00
# Visual Studio 2012
Project("{FAE04EC0-301F-11D3-BF4B-00C04F79EFBC}") = "JSBus", "JSBus\JSBus.csproj", "{814B6F5A-EB67-4A55-9FFE-D3E45CF14193}"
EndProject
Global
	GlobalSection(SolutionConfigurationPlatforms) = preSolution
		Debug|Any CPU = Debug|Any CPU
		Release|Any CPU = Release|Any CPU
	EndGlobalSection
	GlobalSection(ProjectConfigurationPlatforms) = postSolution
		{814B6F5A-EB67-4A55-9FFE-D3E45CF14193}.Debug|Any CPU.ActiveCfg = Debug|Any CPU
		{814B6F5A-EB67-4A55-9FFE-D3E45CF14193}.Debug|Any CPU.Build.0 = Debug|Any CPU
		{814B6F5A-EB67-4A55-9FFE-D3E45CF14193}.Release|Any CPU.ActiveCfg = Release|Any CPU
		{814B6F5A-EB67-4A55-9FFE-D3E45CF14193}.Release|Any CPU.Build.0 = Release|Any CPU
	EndGlobalSection
	GlobalSection(SolutionProperties) = preSolution
		HideSolutionNode = FALSE
	EndGlobalSection
EndGlobal
